
Microsoft Visual Studio Solution File, Format Version 12.00
# Visual Studio Version 17
VisualStudioVersion = 17.8.34511.84
MinimumVisualStudioVersion = 10.0.40219.1
Project("{9A19103F-16F7-4668-BE54-9A1E7A4F7556}") = "BigDataRecipes", "BigDataRecipes\BigDataRecipes.csproj", "{EE3F565B-98D3-421F-AEDC-64DE1938880B}"
EndProject
Project("{9A19103F-16F7-4668-BE54-9A1E7A4F7556}") = "RecipesModel1_WebApi1", "RecipesModel1_WebApi1\RecipesModel1_WebApi1.csproj", "{BD46FC72-FA2D-4A18-BAAC-54CE5ABD3638}"
EndProject
Global
	GlobalSection(SolutionConfigurationPlatforms) = preSolution
		Debug|Any CPU = Debug|Any CPU
		Release|Any CPU = Release|Any CPU
	EndGlobalSection
	GlobalSection(ProjectConfigurationPlatforms) = postSolution
		{EE3F565B-98D3-421F-AEDC-64DE1938880B}.Debug|Any CPU.ActiveCfg = Debug|Any CPU
		{EE3F565B-98D3-421F-AEDC-64DE1938880B}.Debug|Any CPU.Build.0 = Debug|Any CPU
		{EE3F565B-98D3-421F-AEDC-64DE1938880B}.Release|Any CPU.ActiveCfg = Release|Any CPU
		{EE3F565B-98D3-421F-AEDC-64DE1938880B}.Release|Any CPU.Build.0 = Release|Any CPU
		{BD46FC72-FA2D-4A18-BAAC-54CE5ABD3638}.Debug|Any CPU.ActiveCfg = Debug|Any CPU
		{BD46FC72-FA2D-4A18-BAAC-54CE5ABD3638}.Debug|Any CPU.Build.0 = Debug|Any CPU
		{BD46FC72-FA2D-4A18-BAAC-54CE5ABD3638}.Release|Any CPU.ActiveCfg = Release|Any CPU
		{BD46FC72-FA2D-4A18-BAAC-54CE5ABD3638}.Release|Any CPU.Build.0 = Release|Any CPU
	EndGlobalSection
	GlobalSection(SolutionProperties) = preSolution
		HideSolutionNode = FALSE
	EndGlobalSection
	GlobalSection(ExtensibilityGlobals) = postSolution
		SolutionGuid = {2E84280A-5488-4090-9960-A1DAFE827B87}
	EndGlobalSection
EndGlobal
